editor:
  config:
    toolbar:
      items:
        - codeBlock
    languages: [
      { language: 'plaintext', label: 'Text', class: '' },
      { language: 'bash', label: 'Bash' },
      { language: 'html', label: 'HTML' },
      { language: 'css', label: 'CSS' },
      { language: 'php', label: 'PHP' },
      { language: 'typoscript', label: 'TypoScript' }
    ]
  style:
    definitions:
      - { name: 'LLL:EXT:cpdevsite/Resources/Private/Language/locallang_db.xlf:rte.blockstyle.labelcodeblock', element: 'p', classes: ['cp-codeblock'],  }
